[[package]]
name = "colorama"
version = "0.4.4"
description = "Cross-platform colored terminal text."
category = "main"
optional = false
python-versions = ">=2.7, !=3.0.*, !=3.1.*, !=3.2.*, !=3.3.*, !=3.4.*"

[[package]]
name = "lxml"
version = "4.9.1"
description = "Powerful and Pythonic XML processing library combining libxml2/libxslt with the ElementTree API."
category = "main"
optional = false
python-versions = ">=2.7, !=3.0.*, !=3.1.*, !=3.2.*, !=3.3.*, != 3.4.*"

[package.extras]
cssselect = ["cssselect (>=0.7)"]
html5 = ["html5lib"]
htmlsoup = ["BeautifulSoup4"]
source = ["Cython (>=0.29.7)"]

[[package]]
name = "pillow"
version = "9.3.0"
description = "Python Imaging Library (Fork)"
category = "main"
optional = false
python-versions = ">=3.7"

[package.extras]
docs = ["furo", "olefile", "sphinx (>=2.4)", "sphinx-copybutton", "sphinx-issues (>=3.0.1)", "sphinx-removed-in", "sphinxext-opengraph"]
tests = ["check-manifest", "coverage", "defusedxml", "markdown2", "olefile", "packaging", "pyroma", "pytest", "pytest-cov", "pytest-timeout"]

[[package]]
name = "python-pptx"
version = "0.6.21"
description = "Generate and manipulate Open XML PowerPoint (.pptx) files"
category = "main"
optional = false
python-versions = "*"

[package.dependencies]
lxml = ">=3.1.0"
Pillow = ">=3.3.2"
XlsxWriter = ">=0.5.7"

[[package]]
name = "rapidfuzz"
version = "2.0.5"
description = "rapid fuzzy string matching"
category = "main"
optional = false
python-versions = ">=3.6"

[package.extras]
full = ["numpy"]

[[package]]
name = "tqdm"
version = "4.63.0"
description = "Fast, Extensible Progress Meter"
category = "main"
optional = false
python-versions = "!=3.0.*,!=3.1.*,!=3.2.*,!=3.3.*,>=2.7"

[package.dependencies]
colorama = {version = "*", markers = "platform_system == \"Windows\""}

[package.extras]
dev = ["py-make (>=0.1.0)", "twine", "wheel"]
notebook = ["ipywidgets (>=6)"]
telegram = ["requests"]

[[package]]
name = "xlsxwriter"
version = "3.0.3"
description = "A Python module for creating Excel XLSX files."
category = "main"
optional = false
python-versions = ">=3.4"

[[package]]
name = "yapf"
version = "0.32.0"
description = "A formatter for Python code."
category = "dev"
optional = false
python-versions = "*"

[metadata]
lock-version = "1.1"
python-versions = ">=3.7,<3.10"
content-hash = "59733548bf5cbe55645fdeb39f15e9356516add22eae863130d7fa2bf3fc2216"

[metadata.files]
colorama = [
    {file = "colorama-0.4.4-py2.py3-none-any.whl", hash = "sha256:9f47eda37229f68eee03b24b9748937c7dc3868f906e8ba69fbcbdd3bc5dc3e2"},
    {file = "colorama-0.4.4.tar.gz", hash = "sha256:5941b2b48a20143d2267e95b1c2a7603ce057ee39fd88e7329b0c292aa16869b"},
]
lxml = [
    {file = "lxml-4.9.1-cp27-cp27m-macosx_10_15_x86_64.whl", hash = "sha256:98cafc618614d72b02185ac583c6f7796202062c41d2eeecdf07820bad3295ed"},
    {file = "lxml-4.9.1-cp27-cp27m-manylinux_2_5_i686.manylinux1_i686.whl", hash = "sha256:c62e8dd9754b7debda0c5ba59d34509c4688f853588d75b53c3791983faa96fc"},
    {file = "lxml-4.9.1-cp27-cp27m-manylinux_2_5_x86_64.manylinux1_x86_64.whl", hash = "sha256:21fb3d24ab430fc538a96e9fbb9b150029914805d551deeac7d7822f64631dfc"},
    {file = "lxml-4.9.1-cp27-cp27m-win32.whl", hash = "sha256:86e92728ef3fc842c50a5cb1d5ba2bc66db7da08a7af53fb3da79e202d1b2cd3"},
    {file = "lxml-4.9.1-cp27-cp27m-win_amd64.whl", hash = "sha256:4cfbe42c686f33944e12f45a27d25a492cc0e43e1dc1da5d6a87cbcaf2e95627"},
    {file = "lxml-4.9.1-cp27-cp27mu-manylinux_2_5_i686.manylinux1_i686.whl", hash = "sha256:dad7b164905d3e534883281c050180afcf1e230c3d4a54e8038aa5cfcf312b84"},
    {file = "lxml-4.9.1-cp27-cp27mu-manylinux_2_5_x86_64.manylinux1_x86_64.whl", hash = "sha256:a614e4afed58c14254e67862456d212c4dcceebab2eaa44d627c2ca04bf86837"},
    {file = "lxml-4.9.1-cp310-cp310-manylinux_2_12_i686.manylinux2010_i686.manylinux_2_24_i686.whl", hash = "sha256:f9ced82717c7ec65a67667bb05865ffe38af0e835cdd78728f1209c8fffe0cad"},
    {file = "lxml-4.9.1-cp310-cp310-manylinux_2_17_aarch64.manylinux2014_aarch64.manylinux_2_24_aarch64.whl", hash = "sha256:d9fc0bf3ff86c17348dfc5d322f627d78273eba545db865c3cd14b3f19e57fa5"},
    {file = "lxml-4.9.1-cp310-cp310-manylinux_2_17_x86_64.manylinux2014_x86_64.manylinux_2_24_x86_64.whl", hash = "sha256:e5f66bdf0976ec667fc4594d2812a00b07ed14d1b44259d19a41ae3fff99f2b8"},
    {file = "lxml-4.9.1-cp310-cp310-musllinux_1_1_aarch64.whl", hash = "sha256:fe17d10b97fdf58155f858606bddb4e037b805a60ae023c009f760d8361a4eb8"},
    {file = "lxml-4.9.1-cp310-cp310-musllinux_1_1_x86_64.whl", hash = "sha256:8caf4d16b31961e964c62194ea3e26a0e9561cdf72eecb1781458b67ec83423d"},
    {file = "lxml-4.9.1-cp310-cp310-win32.whl", hash = "sha256:4780677767dd52b99f0af1f123bc2c22873d30b474aa0e2fc3fe5e02217687c7"},
    {file = "lxml-4.9.1-cp310-cp310-win_amd64.whl", hash = "sha256:b122a188cd292c4d2fcd78d04f863b789ef43aa129b233d7c9004de08693728b"},
    {file = "lxml-4.9.1-cp311-cp311-manylinux_2_12_i686.manylinux2010_i686.manylinux_2_24_i686.whl", hash = "sha256:be9eb06489bc975c38706902cbc6888f39e946b81383abc2838d186f0e8b6a9d"},
    {file = "lxml-4.9.1-cp311-cp311-manylinux_2_17_x86_64.manylinux2014_x86_64.manylinux_2_24_x86_64.whl", hash = "sha256:f1be258c4d3dc609e654a1dc59d37b17d7fef05df912c01fc2e15eb43a9735f3"},
    {file = "lxml-4.9.1-cp311-cp311-musllinux_1_1_x86_64.whl", hash = "sha256:927a9dd016d6033bc12e0bf5dee1dde140235fc8d0d51099353c76081c03dc29"},
    {file = "lxml-4.9.1-cp35-cp35m-manylinux_2_5_i686.manylinux1_i686.whl", hash = "sha256:9232b09f5efee6a495a99ae6824881940d6447debe272ea400c02e3b68aad85d"},
    {file = "lxml-4.9.1-cp35-cp35m-manylinux_2_5_x86_64.manylinux1_x86_64.whl", hash = "sha256:04da965dfebb5dac2619cb90fcf93efdb35b3c6994fea58a157a834f2f94b318"},
    {file = "lxml-4.9.1-cp35-cp35m-win32.whl", hash = "sha256:4d5bae0a37af799207140652a700f21a85946f107a199bcb06720b13a4f1f0b7"},
    {file = "lxml-4.9.1-cp35-cp35m-win_amd64.whl", hash = "sha256:4878e667ebabe9b65e785ac8da4d48886fe81193a84bbe49f12acff8f7a383a4"},
    {file = "lxml-4.9.1-cp36-cp36m-macosx_10_15_x86_64.whl", hash = "sha256:1355755b62c28950f9ce123c7a41460ed9743c699905cbe664a5bcc5c9c7c7fb"},
    {file = "lxml-4.9.1-cp36-cp36m-manylinux_2_12_i686.manylinux2010_i686.manylinux_2_24_i686.whl", hash = "sha256:bcaa1c495ce623966d9fc8a187da80082334236a2a1c7e141763ffaf7a405067"},
    {file = "lxml-4.9.1-cp36-cp36m-manylinux_2_17_aarch64.manylinux2014_aarch64.whl", hash = "sha256:6eafc048ea3f1b3c136c71a86db393be36b5b3d9c87b1c25204e7d397cee9536"},
    {file = "lxml-4.9.1-cp36-cp36m-manylinux_2_17_x86_64.manylinux2014_x86_64.manylinux_2_24_x86_64.whl", hash = "sha256:13c90064b224e10c14dcdf8086688d3f0e612db53766e7478d7754703295c7c8"},
    {file = "lxml-4.9.1-cp36-cp36m-manylinux_2_5_i686.manylinux1_i686.whl", hash = "sha256:206a51077773c6c5d2ce1991327cda719063a47adc02bd703c56a662cdb6c58b"},
    {file = "lxml-4.9.1-cp36-cp36m-manylinux_2_5_x86_64.manylinux1_x86_64.whl", hash = "sha256:e8f0c9d65da595cfe91713bc1222af9ecabd37971762cb830dea2fc3b3bb2acf"},
    {file = "lxml-4.9.1-cp36-cp36m-musllinux_1_1_aarch64.whl", hash = "sha256:8f0a4d179c9a941eb80c3a63cdb495e539e064f8054230844dcf2fcb812b71d3"},
    {file = "lxml-4.9.1-cp36-cp36m-musllinux_1_1_x86_64.whl", hash = "sha256:830c88747dce8a3e7525defa68afd742b4580df6aa2fdd6f0855481e3994d391"},
    {file = "lxml-4.9.1-cp36-cp36m-win32.whl", hash = "sha256:1e1cf47774373777936c5aabad489fef7b1c087dcd1f426b621fda9dcc12994e"},
    {file = "lxml-4.9.1-cp36-cp36m-win_amd64.whl", hash = "sha256:5974895115737a74a00b321e339b9c3f45c20275d226398ae79ac008d908bff7"},
    {file = "lxml-4.9.1-cp37-cp37m-macosx_10_15_x86_64.whl", hash = "sha256:1423631e3d51008871299525b541413c9b6c6423593e89f9c4cfbe8460afc0a2"},
    {file = "lxml-4.9.1-cp37-cp37m-manylinux_2_12_i686.manylinux2010_i686.manylinux_2_24_i686.whl", hash = "sha256:2aaf6a0a6465d39b5ca69688fce82d20088c1838534982996ec46633dc7ad6cc"},
    {file = "lxml-4.9.1-cp37-cp37m-manylinux_2_17_aarch64.manylinux2014_aarch64.manylinux_2_24_aarch64.whl", hash = "sha256:9f36de4cd0c262dd9927886cc2305aa3f2210db437aa4fed3fb4940b8bf4592c"},
    {file = "lxml-4.9.1-cp37-cp37m-manylinux_2_17_x86_64.manylinux2014_x86_64.manylinux_2_24_x86_64.whl", hash = "sha256:ae06c1e4bc60ee076292e582a7512f304abdf6c70db59b56745cca1684f875a4"},
    {file = "lxml-4.9.1-cp37-cp37m-manylinux_2_5_i686.manylinux1_i686.whl", hash = "sha256:57e4d637258703d14171b54203fd6822fda218c6c2658a7d30816b10995f29f3"},
    {file = "lxml-4.9.1-cp37-cp37m-manylinux_2_5_x86_64.manylinux1_x86_64.whl", hash = "sha256:6d279033bf614953c3fc4a0aa9ac33a21e8044ca72d4fa8b9273fe75359d5cca"},
    {file = "lxml-4.9.1-cp37-cp37m-musllinux_1_1_aarch64.whl", hash = "sha256:a60f90bba4c37962cbf210f0188ecca87daafdf60271f4c6948606e4dabf8785"},
    {file = "lxml-4.9.1-cp37-cp37m-musllinux_1_1_x86_64.whl", hash = "sha256:6ca2264f341dd81e41f3fffecec6e446aa2121e0b8d026fb5130e02de1402785"},
    {file = "lxml-4.9.1-cp37-cp37m-win32.whl", hash = "sha256:27e590352c76156f50f538dbcebd1925317a0f70540f7dc8c97d2931c595783a"},
    {file = "lxml-4.9.1-cp37-cp37m-win_amd64.whl", hash = "sha256:eea5d6443b093e1545ad0210e6cf27f920482bfcf5c77cdc8596aec73523bb7e"},
    {file = "lxml-4.9.1-cp38-cp38-macosx_10_15_x86_64.whl", hash = "sha256:f05251bbc2145349b8d0b77c0d4e5f3b228418807b1ee27cefb11f69ed3d233b"},
    {file = "lxml-4.9.1-cp38-cp38-manylinux_2_12_i686.manylinux2010_i686.manylinux_2_24_i686.whl", hash = "sha256:487c8e61d7acc50b8be82bda8c8d21d20e133c3cbf41bd8ad7eb1aaeb3f07c97"},
    {file = "lxml-4.9.1-cp38-cp38-manylinux_2_17_aarch64.manylinux2014_aarch64.manylinux_2_24_aarch64.whl", hash = "sha256:8d1a92d8e90b286d491e5626af53afef2ba04da33e82e30744795c71880eaa21"},
    {file = "lxml-4.9.1-cp38-cp38-manylinux_2_17_x86_64.manylinux2014_x86_64.manylinux_2_24_x86_64.whl", hash = "sha256:b570da8cd0012f4af9fa76a5635cd31f707473e65a5a335b186069d5c7121ff2"},
    {file = "lxml-4.9.1-cp38-cp38-manylinux_2_5_i686.manylinux1_i686.whl", hash = "sha256:5ef87fca280fb15342726bd5f980f6faf8b84a5287fcc2d4962ea8af88b35130"},
    {file = "lxml-4.9.1-cp38-cp38-manylinux_2_5_x86_64.manylinux1_x86_64.whl", hash = "sha256:93e414e3206779ef41e5ff2448067213febf260ba747fc65389a3ddaa3fb8715"},
    {file = "lxml-4.9.1-cp38-cp38-musllinux_1_1_aarch64.whl", hash = "sha256:6653071f4f9bac46fbc30f3c7838b0e9063ee335908c5d61fb7a4a86c8fd2036"},
    {file = "lxml-4.9.1-cp38-cp38-musllinux_1_1_x86_64.whl", hash = "sha256:32a73c53783becdb7eaf75a2a1525ea8e49379fb7248c3eeefb9412123536387"},
    {file = "lxml-4.9.1-cp38-cp38-win32.whl", hash = "sha256:1a7c59c6ffd6ef5db362b798f350e24ab2cfa5700d53ac6681918f314a4d3b94"},
    {file = "lxml-4.9.1-cp38-cp38-win_amd64.whl", hash = "sha256:1436cf0063bba7888e43f1ba8d58824f085410ea2025befe81150aceb123e345"},
    {file = "lxml-4.9.1-cp39-cp39-macosx_10_15_x86_64.whl", hash = "sha256:4beea0f31491bc086991b97517b9683e5cfb369205dac0148ef685ac12a20a67"},
    {file = "lxml-4.9.1-cp39-cp39-manylinux_2_12_i686.manylinux2010_i686.manylinux_2_24_i686.whl", hash = "sha256:41fb58868b816c202e8881fd0f179a4644ce6e7cbbb248ef0283a34b73ec73bb"},
    {file = "lxml-4.9.1-cp39-cp39-manylinux_2_17_aarch64.manylinux2014_aarch64.manylinux_2_24_aarch64.whl", hash = "sha256:bd34f6d1810d9354dc7e35158aa6cc33456be7706df4420819af6ed966e85448"},
    {file = "lxml-4.9.1-cp39-cp39-manylinux_2_17_x86_64.manylinux2014_x86_64.manylinux_2_24_x86_64.whl", hash = "sha256:edffbe3c510d8f4bf8640e02ca019e48a9b72357318383ca60e3330c23aaffc7"},
    {file = "lxml-4.9.1-cp39-cp39-manylinux_2_5_i686.manylinux1_i686.whl", hash = "sha256:6d949f53ad4fc7cf02c44d6678e7ff05ec5f5552b235b9e136bd52e9bf730b91"},
    {file = "lxml-4.9.1-cp39-cp39-manylinux_2_5_x86_64.manylinux1_x86_64.whl", hash = "sha256:079b68f197c796e42aa80b1f739f058dcee796dc725cc9a1be0cdb08fc45b000"},
    {file = "lxml-4.9.1-cp39-cp39-musllinux_1_1_aarch64.whl", hash = "sha256:9c3a88d20e4fe4a2a4a84bf439a5ac9c9aba400b85244c63a1ab7088f85d9d25"},
    {file = "lxml-4.9.1-cp39-cp39-musllinux_1_1_x86_64.whl", hash = "sha256:4e285b5f2bf321fc0857b491b5028c5f276ec0c873b985d58d7748ece1d770dd"},
    {file = "lxml-4.9.1-cp39-cp39-win32.whl", hash = "sha256:ef72013e20dd5ba86a8ae1aed7f56f31d3374189aa8b433e7b12ad182c0d2dfb"},
    {file = "lxml-4.9.1-cp39-cp39-win_amd64.whl", hash = "sha256:10d2017f9150248563bb579cd0d07c61c58da85c922b780060dcc9a3aa9f432d"},
    {file = "lxml-4.9.1-pp37-pypy37_pp73-macosx_10_15_x86_64.whl", hash = "sha256:0538747a9d7827ce3e16a8fdd201a99e661c7dee3c96c885d8ecba3c35d1032c"},
    {file = "lxml-4.9.1-pp37-pypy37_pp73-manylinux_2_12_i686.manylinux2010_i686.manylinux_2_24_i686.whl", hash = "sha256:0645e934e940107e2fdbe7c5b6fb8ec6232444260752598bc4d09511bd056c0b"},
    {file = "lxml-4.9.1-pp37-pypy37_pp73-manylinux_2_17_x86_64.manylinux2014_x86_64.manylinux_2_24_x86_64.whl", hash = "sha256:6daa662aba22ef3258934105be2dd9afa5bb45748f4f702a3b39a5bf53a1f4dc"},
    {file = "lxml-4.9.1-pp38-pypy38_pp73-macosx_10_15_x86_64.whl", hash = "sha256:603a464c2e67d8a546ddaa206d98e3246e5db05594b97db844c2f0a1af37cf5b"},
    {file = "lxml-4.9.1-pp38-pypy38_pp73-manylinux_2_12_i686.manylinux2010_i686.manylinux_2_24_i686.whl", hash = "sha256:c4b2e0559b68455c085fb0f6178e9752c4be3bba104d6e881eb5573b399d1eb2"},
    {file = "lxml-4.9.1-pp38-pypy38_pp73-manylinux_2_17_x86_64.manylinux2014_x86_64.manylinux_2_24_x86_64.whl", hash = "sha256:0f3f0059891d3254c7b5fb935330d6db38d6519ecd238ca4fce93c234b4a0f73"},
    {file = "lxml-4.9.1-pp39-pypy39_pp73-manylinux_2_12_i686.manylinux2010_i686.manylinux_2_24_i686.whl", hash = "sha256:c852b1530083a620cb0de5f3cd6826f19862bafeaf77586f1aef326e49d95f0c"},
    {file = "lxml-4.9.1-pp39-pypy39_pp73-manylinux_2_17_x86_64.manylinux2014_x86_64.manylinux_2_24_x86_64.whl", hash = "sha256:287605bede6bd36e930577c5925fcea17cb30453d96a7b4c63c14a257118dbb9"},
    {file = "lxml-4.9.1.tar.gz", hash = "sha256:fe749b052bb7233fe5d072fcb549221a8cb1a16725c47c37e42b0b9cb3ff2c3f"},
]
pillow = [
    {file = "Pillow-9.3.0-1-cp37-cp37m-win32.whl", hash = "sha256:e6ea6b856a74d560d9326c0f5895ef8050126acfdc7ca08ad703eb0081e82b74"},
    {file = "Pillow-9.3.0-1-cp37-cp37m-win_amd64.whl", hash = "sha256:32a44128c4bdca7f31de5be641187367fe2a450ad83b833ef78910397db491aa"},
    {file = "Pillow-9.3.0-cp310-cp310-macosx_10_10_x86_64.whl", hash = "sha256:0b7257127d646ff8676ec8a15520013a698d1fdc48bc2a79ba4e53df792526f2"},
    {file = "Pillow-9.3.0-cp310-cp310-macosx_11_0_arm64.whl", hash = "sha256:b90f7616ea170e92820775ed47e136208e04c967271c9ef615b6fbd08d9af0e3"},
    {file = "Pillow-9.3.0-cp310-cp310-manylinux_2_17_aarch64.manylinux2014_aarch64.whl", hash = "sha256:68943d632f1f9e3dce98908e873b3a090f6cba1cbb1b892a9e8d97c938871fbe"},
    {file = "Pillow-9.3.0-cp310-cp310-manylinux_2_17_i686.manylinux2014_i686.whl", hash = "sha256:be55f8457cd1eac957af0c3f5ece7bc3f033f89b114ef30f710882717670b2a8"},
    {file = "Pillow-9.3.0-cp310-cp310-manylinux_2_17_x86_64.manylinux2014_x86_64.whl", hash = "sha256:5d77adcd56a42d00cc1be30843d3426aa4e660cab4a61021dc84467123f7a00c"},
    {file = "Pillow-9.3.0-cp310-cp310-manylinux_2_28_aarch64.whl", hash = "sha256:829f97c8e258593b9daa80638aee3789b7df9da5cf1336035016d76f03b8860c"},
    {file = "Pillow-9.3.0-cp310-cp310-manylinux_2_28_x86_64.whl", hash = "sha256:801ec82e4188e935c7f5e22e006d01611d6b41661bba9fe45b60e7ac1a8f84de"},
    {file = "Pillow-9.3.0-cp310-cp310-musllinux_1_1_x86_64.whl", hash = "sha256:871b72c3643e516db4ecf20efe735deb27fe30ca17800e661d769faab45a18d7"},
    {file = "Pillow-9.3.0-cp310-cp310-win32.whl", hash = "sha256:655a83b0058ba47c7c52e4e2df5ecf484c1b0b0349805896dd350cbc416bdd91"},
    {file = "Pillow-9.3.0-cp310-cp310-win_amd64.whl", hash = "sha256:9f47eabcd2ded7698106b05c2c338672d16a6f2a485e74481f524e2a23c2794b"},
    {file = "Pillow-9.3.0-cp311-cp311-macosx_10_10_x86_64.whl", hash = "sha256:57751894f6618fd4308ed8e0c36c333e2f5469744c34729a27532b3db106ee20"},
    {file = "Pillow-9.3.0-cp311-cp311-macosx_11_0_arm64.whl", hash = "sha256:7db8b751ad307d7cf238f02101e8e36a128a6cb199326e867d1398067381bff4"},
    {file = "Pillow-9.3.0-cp311-cp311-manylinux_2_17_aarch64.manylinux2014_aarch64.whl", hash = "sha256:3033fbe1feb1b59394615a1cafaee85e49d01b51d54de0cbf6aa8e64182518a1"},
    {file = "Pillow-9.3.0-cp311-cp311-manylinux_2_17_i686.manylinux2014_i686.whl", hash = "sha256:22b012ea2d065fd163ca096f4e37e47cd8b59cf4b0fd47bfca6abb93df70b34c"},
    {file = "Pillow-9.3.0-cp311-cp311-manylinux_2_17_x86_64.manylinux2014_x86_64.whl", hash = "sha256:b9a65733d103311331875c1dca05cb4606997fd33d6acfed695b1232ba1df193"},
    {file = "Pillow-9.3.0-cp311-cp311-manylinux_2_28_aarch64.whl", hash = "sha256:502526a2cbfa431d9fc2a079bdd9061a2397b842bb6bc4239bb176da00993812"},
    {file = "Pillow-9.3.0-cp311-cp311-manylinux_2_28_x86_64.whl", hash = "sha256:90fb88843d3902fe7c9586d439d1e8c05258f41da473952aa8b328d8b907498c"},
    {file = "Pillow-9.3.0-cp311-cp311-musllinux_1_1_x86_64.whl", hash = "sha256:89dca0ce00a2b49024df6325925555d406b14aa3efc2f752dbb5940c52c56b11"},
    {file = "Pillow-9.3.0-cp311-cp311-win32.whl", hash = "sha256:3168434d303babf495d4ba58fc22d6604f6e2afb97adc6a423e917dab828939c"},
    {file = "Pillow-9.3.0-cp311-cp311-win_amd64.whl", hash = "sha256:18498994b29e1cf86d505edcb7edbe814d133d2232d256db8c7a8ceb34d18cef"},
    {file = "Pillow-9.3.0-cp37-cp37m-macosx_10_10_x86_64.whl", hash = "sha256:772a91fc0e03eaf922c63badeca75e91baa80fe2f5f87bdaed4280662aad25c9"},
    {file = "Pillow-9.3.0-cp37-cp37m-manylinux_2_17_aarch64.manylinux2014_aarch64.whl", hash = "sha256:afa4107d1b306cdf8953edde0534562607fe8811b6c4d9a486298ad31de733b2"},
    {file = "Pillow-9.3.0-cp37-cp37m-manylinux_2_17_i686.manylinux2014_i686.whl", hash = "sha256:b4012d06c846dc2b80651b120e2cdd787b013deb39c09f407727ba90015c684f"},
    {file = "Pillow-9.3.0-cp37-cp37m-manylinux_2_17_x86_64.manylinux2014_x86_64.whl", hash = "sha256:77ec3e7be99629898c9a6d24a09de089fa5356ee408cdffffe62d67bb75fdd72"},
    {file = "Pillow-9.3.0-cp37-cp37m-manylinux_2_28_aarch64.whl", hash = "sha256:6c738585d7a9961d8c2821a1eb3dcb978d14e238be3d70f0a706f7fa9316946b"},
    {file = "Pillow-9.3.0-cp37-cp37m-manylinux_2_28_x86_64.whl", hash = "sha256:828989c45c245518065a110434246c44a56a8b2b2f6347d1409c787e6e4651ee"},
    {file = "Pillow-9.3.0-cp37-cp37m-win32.whl", hash = "sha256:82409ffe29d70fd733ff3c1025a602abb3e67405d41b9403b00b01debc4c9a29"},
    {file = "Pillow-9.3.0-cp37-cp37m-win_amd64.whl", hash = "sha256:41e0051336807468be450d52b8edd12ac60bebaa97fe10c8b660f116e50b30e4"},
    {file = "Pillow-9.3.0-cp38-cp38-macosx_10_10_x86_64.whl", hash = "sha256:b03ae6f1a1878233ac620c98f3459f79fd77c7e3c2b20d460284e1fb370557d4"},
    {file = "Pillow-9.3.0-cp38-cp38-macosx_11_0_arm64.whl", hash = "sha256:4390e9ce199fc1951fcfa65795f239a8a4944117b5935a9317fb320e7767b40f"},
    {file = "Pillow-9.3.0-cp38-cp38-manylinux_2_17_aarch64.manylinux2014_aarch64.whl", hash = "sha256:40e1ce476a7804b0fb74bcfa80b0a2206ea6a882938eaba917f7a0f004b42502"},
    {file = "Pillow-9.3.0-cp38-cp38-manylinux_2_17_i686.manylinux2014_i686.whl", hash = "sha256:a0a06a052c5f37b4ed81c613a455a81f9a3a69429b4fd7bb913c3fa98abefc20"},
    {file = "Pillow-9.3.0-cp38-cp38-manylinux_2_17_x86_64.manylinux2014_x86_64.whl", hash = "sha256:03150abd92771742d4a8cd6f2fa6246d847dcd2e332a18d0c15cc75bf6703040"},
    {file = "Pillow-9.3.0-cp38-cp38-manylinux_2_28_aarch64.whl", hash = "sha256:15c42fb9dea42465dfd902fb0ecf584b8848ceb28b41ee2b58f866411be33f07"},
    {file = "Pillow-9.3.0-cp38-cp38-manylinux_2_28_x86_64.whl", hash = "sha256:51e0e543a33ed92db9f5ef69a0356e0b1a7a6b6a71b80df99f1d181ae5875636"},
    {file = "Pillow-9.3.0-cp38-cp38-musllinux_1_1_x86_64.whl", hash = "sha256:3dd6caf940756101205dffc5367babf288a30043d35f80936f9bfb37f8355b32"},
    {file = "Pillow-9.3.0-cp38-cp38-win32.whl", hash = "sha256:f1ff2ee69f10f13a9596480335f406dd1f70c3650349e2be67ca3139280cade0"},
    {file = "Pillow-9.3.0-cp38-cp38-win_amd64.whl", hash = "sha256:276a5ca930c913f714e372b2591a22c4bd3b81a418c0f6635ba832daec1cbcfc"},
    {file = "Pillow-9.3.0-cp39-cp39-macosx_10_10_x86_64.whl", hash = "sha256:73bd195e43f3fadecfc50c682f5055ec32ee2c933243cafbfdec69ab1aa87cad"},
    {file = "Pillow-9.3.0-cp39-cp39-macosx_11_0_arm64.whl", hash = "sha256:1c7c8ae3864846fc95f4611c78129301e203aaa2af813b703c55d10cc1628535"},
    {file = "Pillow-9.3.0-cp39-cp39-manylinux_2_17_aarch64.manylinux2014_aarch64.whl", hash = "sha256:2e0918e03aa0c72ea56edbb00d4d664294815aa11291a11504a377ea018330d3"},
    {file = "Pillow-9.3.0-cp39-cp39-manylinux_2_17_i686.manylinux2014_i686.whl", hash = "sha256:b0915e734b33a474d76c28e07292f196cdf2a590a0d25bcc06e64e545f2d146c"},
    {file = "Pillow-9.3.0-cp39-cp39-manylinux_2_17_x86_64.manylinux2014_x86_64.whl", hash = "sha256:af0372acb5d3598f36ec0914deed2a63f6bcdb7b606da04dc19a88d31bf0c05b"},
    {file = "Pillow-9.3.0-cp39-cp39-manylinux_2_28_aarch64.whl", hash = "sha256:ad58d27a5b0262c0c19b47d54c5802db9b34d38bbf886665b626aff83c74bacd"},
    {file = "Pillow-9.3.0-cp39-cp39-manylinux_2_28_x86_64.whl", hash = "sha256:97aabc5c50312afa5e0a2b07c17d4ac5e865b250986f8afe2b02d772567a380c"},
    {file = "Pillow-9.3.0-cp39-cp39-musllinux_1_1_x86_64.whl", hash = "sha256:9aaa107275d8527e9d6e7670b64aabaaa36e5b6bd71a1015ddd21da0d4e06448"},
    {file = "Pillow-9.3.0-cp39-cp39-win32.whl", hash = "sha256:bac18ab8d2d1e6b4ce25e3424f709aceef668347db8637c2296bcf41acb7cf48"},
    {file = "Pillow-9.3.0-cp39-cp39-win_amd64.whl", hash = "sha256:b472b5ea442148d1c3e2209f20f1e0bb0eb556538690fa70b5e1f79fa0ba8dc2"},
    {file = "Pillow-9.3.0-pp37-pypy37_pp73-macosx_10_10_x86_64.whl", hash = "sha256:ab388aaa3f6ce52ac1cb8e122c4bd46657c15905904b3120a6248b5b8b0bc228"},
    {file = "Pillow-9.3.0-pp37-pypy37_pp73-manylinux_2_17_i686.manylinux2014_i686.whl", hash = "sha256:dbb8e7f2abee51cef77673be97760abff1674ed32847ce04b4af90f610144c7b"},
    {file = "Pillow-9.3.0-pp37-pypy37_pp73-manylinux_2_17_x86_64.manylinux2014_x86_64.whl", hash = "sha256:bca31dd6014cb8b0b2db1e46081b0ca7d936f856da3b39744aef499db5d84d02"},
    {file = "Pillow-9.3.0-pp37-pypy37_pp73-manylinux_2_28_x86_64.whl", hash = "sha256:c7025dce65566eb6e89f56c9509d4f628fddcedb131d9465cacd3d8bac337e7e"},
    {file = "Pillow-9.3.0-pp37-pypy37_pp73-win_amd64.whl", hash = "sha256:ebf2029c1f464c59b8bdbe5143c79fa2045a581ac53679733d3a91d400ff9efb"},
    {file = "Pillow-9.3.0-pp38-pypy38_pp73-macosx_10_10_x86_64.whl", hash = "sha256:b59430236b8e58840a0dfb4099a0e8717ffb779c952426a69ae435ca1f57210c"},
    {file = "Pillow-9.3.0-pp38-pypy38_pp73-manylinux_2_17_i686.manylinux2014_i686.whl", hash = "sha256:12ce4932caf2ddf3e41d17fc9c02d67126935a44b86df6a206cf0d7161548627"},
    {file = "Pillow-9.3.0-pp38-pypy38_pp73-manylinux_2_17_x86_64.manylinux2014_x86_64.whl", hash = "sha256:ae5331c23ce118c53b172fa64a4c037eb83c9165aba3a7ba9ddd3ec9fa64a699"},
    {file = "Pillow-9.3.0-pp38-pypy38_pp73-manylinux_2_28_x86_64.whl", hash = "sha256:0b07fffc13f474264c336298d1b4ce01d9c5a011415b79d4ee5527bb69ae6f65"},
    {file = "Pillow-9.3.0-pp38-pypy38_pp73-win_amd64.whl", hash = "sha256:073adb2ae23431d3b9bcbcff3fe698b62ed47211d0716b067385538a1b0f28b8"},
    {file = "Pillow-9.3.0.tar.gz", hash = "sha256:c935a22a557a560108d780f9a0fc426dd7459940dc54faa49d83249c8d3e760f"},
]
python-pptx = [
    {file = "python-pptx-0.6.21.tar.gz", hash = "sha256:7798a2aaf89563565b3c7120c0acfe9aff775db0db3580544e3bf4840c2e378f"},
]
rapidfuzz = [
    {file = "rapidfuzz-2.0.5-cp310-cp310-macosx_10_9_universal2.whl", hash = "sha256:646fc5da8d11758a9e0e8a1270f54b132eec65c8b7d2f9bf43c6180e608df3ec"},
    {file = "rapidfuzz-2.0.5-cp310-cp310-macosx_10_9_x86_64.whl", hash = "sha256:c7ab26adf224df4b74e9d6892c805b3200e6d3a02c548d96d7dc15b581ab6e65"},
    {file = "rapidfuzz-2.0.5-cp310-cp310-macosx_11_0_arm64.whl", hash = "sha256:e983c44b84fd3c1a0619e8c9694ae9d556fe2fa0171b77381f40bf21d3bfda1d"},
    {file = "rapidfuzz-2.0.5-cp310-cp310-manylinux_2_17_aarch64.manylinux2014_aarch64.whl", hash = "sha256:b7731d2c84c3f0cd48e2be223fa76799073655588585222938163b1bf2f6cf39"},
    {file = "rapidfuzz-2.0.5-cp310-cp310-manylinux_2_17_i686.manylinux2014_i686.whl", hash = "sha256:26ae9517cee345014a8ae9fd89168cd273ad5f813b926b71726720f5f5330521"},
    {file = "rapidfuzz-2.0.5-cp310-cp310-manylinux_2_17_x86_64.manylinux2014_x86_64.whl", hash = "sha256:10eddb261960ebba0cd3fa8d272b168835c245c65ef4ff25d99eb2dbfd455665"},
    {file = "rapidfuzz-2.0.5-cp310-cp310-win32.whl", hash = "sha256:872f44b4055f8976be532c3db619ddb0f93389a3edb6487e5b48a075aedf17f5"},
    {file = "rapidfuzz-2.0.5-cp310-cp310-win_amd64.whl", hash = "sha256:cdbb34c8b463a38ea622003b5571e9fc0a6893992d414e94a662b6bb33c79fb9"},
    {file = "rapidfuzz-2.0.5-cp36-cp36m-macosx_10_9_x86_64.whl", hash = "sha256:37e855bfb856f0673f29e224203a1bc04e05873c051127fccd132d4c4e2db489"},
    {file = "rapidfuzz-2.0.5-cp36-cp36m-manylinux_2_17_aarch64.manylinux2014_aarch64.whl", hash = "sha256:bcbbaa9a80c97cfd9c2f39cdb7799cf0723756287936314b0c1deece46536893"},
    {file = "rapidfuzz-2.0.5-cp36-cp36m-manylinux_2_17_i686.manylinux2014_i686.whl", hash = "sha256:470922483fd72451967b4b9c3c079770fd323eb079aa4d02b8fbb1f04ae1d053"},
    {file = "rapidfuzz-2.0.5-cp36-cp36m-manylinux_2_17_x86_64.manylinux2014_x86_64.whl", hash = "sha256:fcf95592a85a941a1cc4965d7351cf3495009ab37c28ed019e9b7ba6aa2d903c"},
    {file = "rapidfuzz-2.0.5-cp36-cp36m-win32.whl", hash = "sha256:ff380317541e381cc887a27957fdc2efef5af00213f5cee2e9a2e26e02fbe04f"},
    {file = "rapidfuzz-2.0.5-cp36-cp36m-win_amd64.whl", hash = "sha256:9a382d06b4ffe7174acab10acbac2044ada6f23bfb34e317236fc400d5c05aec"},
    {file = "rapidfuzz-2.0.5-cp37-cp37m-macosx_10_9_x86_64.whl", hash = "sha256:6d0bc03fcc48d6f5f490d29f1d94ec6b533e11409754386936dbcbd5d676319f"},
    {file = "rapidfuzz-2.0.5-cp37-cp37m-manylinux_2_17_aarch64.manylinux2014_aarch64.whl", hash = "sha256:8df0b4eafcccc026a81e81f05d691f12568a88df9c12f854c71e16292eb127c7"},
    {file = "rapidfuzz-2.0.5-cp37-cp37m-manylinux_2_17_i686.manylinux2014_i686.whl", hash = "sha256:e33b2473f0d5cdb3f75416823a0a0c6647f071a14e547e58139b6f1a1499f1ec"},
    {file = "rapidfuzz-2.0.5-cp37-cp37m-manylinux_2_17_x86_64.manylinux2014_x86_64.whl", hash = "sha256:e6bf40c819b6827caa3dbef8f7b5086330762c2422844f56f532be31812ac7a0"},
    {file = "rapidfuzz-2.0.5-cp37-cp37m-win32.whl", hash = "sha256:88c6a62e5676f7e31dbc6a2cf11d84922527cb2ce70f1f99f5e6d09d056db4d1"},
    {file = "rapidfuzz-2.0.5-cp37-cp37m-win_amd64.whl", hash = "sha256:a5ee2848e0600216b5436d94cc429e890c862135c77bfcfd47fb562dabf1a85d"},
    {file = "rapidfuzz-2.0.5-cp38-cp38-macosx_10_9_universal2.whl", hash = "sha256:85a5476a0464759dc0c1c5d168d0543d4f4ec4e1cc3c773444c34eeb0cb3622d"},
    {file = "rapidfuzz-2.0.5-cp38-cp38-macosx_10_9_x86_64.whl", hash = "sha256:075ff21dbe39b2bc2e21475f6c7b1393b135335cae773fd3cca0c212b59d664f"},
    {file = "rapidfuzz-2.0.5-cp38-cp38-macosx_11_0_arm64.whl", hash = "sha256:cd3db6fe3c49ddeb68c337040ac76b4d1d86568518a00c202526c6621710331b"},
    {file = "rapidfuzz-2.0.5-cp38-cp38-manylinux_2_17_aarch64.manylinux2014_aarch64.whl", hash = "sha256:15f745f8425959a0c86d8f3d5d70ac180d35abde34e9bd1b824115d263407b7b"},
    {file = "rapidfuzz-2.0.5-cp38-cp38-manylinux_2_17_i686.manylinux2014_i686.whl", hash = "sha256:2a6f7bf57c5e4e8ae30cfa0d1b87ce28364343c7a25ce73381f4becad7aa4358"},
    {file = "rapidfuzz-2.0.5-cp38-cp38-manylinux_2_17_x86_64.manylinux2014_x86_64.whl", hash = "sha256:58bfabe9a74afb100679e2e5b449dc2469ebf0b520ab490eda3885eb66364657"},
    {file = "rapidfuzz-2.0.5-cp38-cp38-win32.whl", hash = "sha256:8818578f2f4060ddf9948cd9060f1b4fcceb908e436b6949a16fd4e862912726"},
    {file = "rapidfuzz-2.0.5-cp38-cp38-win_amd64.whl", hash = "sha256:287ecc99a4ce9f7fec552b256a5526f22a71def3ebf391a4e7ad25ad999466be"},
    {file = "rapidfuzz-2.0.5-cp39-cp39-macosx_10_9_universal2.whl", hash = "sha256:023ac9131bea0957368d4dce143a277b7f5dcd12c9ff9edbceb6ecc68155ba0d"},
    {file = "rapidfuzz-2.0.5-cp39-cp39-macosx_10_9_x86_64.whl", hash = "sha256:b743ec0cdbd62f1349c2fa57c7eae0f7b593d0cffc5de3bd73a000c86a8c23e3"},
    {file = "rapidfuzz-2.0.5-cp39-cp39-macosx_11_0_arm64.whl", hash = "sha256:6c41d23d3bd63808c5d8600d2ac8f86787ee6fdc6f987be384cffb537cfe13b0"},
    {file = "rapidfuzz-2.0.5-cp39-cp39-manylinux_2_17_aarch64.manylinux2014_aarch64.whl", hash = "sha256:b8d91a2622ff2ac410e99f02b997dd1b50a3ade751011e7b679ae1ac009304b3"},
    {file = "rapidfuzz-2.0.5-cp39-cp39-manylinux_2_17_i686.manylinux2014_i686.whl", hash = "sha256:af673809ac9c2dd9bbb0ea9cb5761e5c05978422f62dac2233d659f49f9879c7"},
    {file = "rapidfuzz-2.0.5-cp39-cp39-manylinux_2_17_x86_64.manylinux2014_x86_64.whl", hash = "sha256:463f6874c75aa777996bca9363a7c9437294edd394abd805a840a1ec83cf05b8"},
    {file = "rapidfuzz-2.0.5-cp39-cp39-win32.whl", hash = "sha256:98250b45cfa444e2523b6fa5a9d9b7f4f85003b011fa01f82f2f3654f2bde76d"},
    {file = "rapidfuzz-2.0.5-cp39-cp39-win_amd64.whl", hash = "sha256:a5dc3918196f0ac6373816434f3eea1525005cca9b134123e5673dbbccd38d6e"},
    {file = "rapidfuzz-2.0.5-pp37-pypy37_pp73-manylinux_2_17_aarch64.manylinux2014_aarch64.whl", hash = "sha256:10d5fadef43041bc489bfa8afed03f78f34e9f76a4deb3c59b1b1cb3445beade"},
    {file = "rapidfuzz-2.0.5-pp37-pypy37_pp73-manylinux_2_17_i686.manylinux2014_i686.whl", hash = "sha256:fc501f60143cf76eae586fb804b04656eaef35c77b93ca6348d12d7f12fc36d1"},
    {file = "rapidfuzz-2.0.5-pp37-pypy37_pp73-manylinux_2_17_x86_64.manylinux2014_x86_64.whl", hash = "sha256:5a51606b10e3d3729bed3097c2279a4503b47b50843753263cff640922721a3a"},
    {file = "rapidfuzz-2.0.5-pp38-pypy38_pp73-manylinux_2_17_aarch64.manylinux2014_aarch64.whl", hash = "sha256:070cff3ad79b6d75c1ed81facf11962a80481869780728dfda98efddc0544c44"},
    {file = "rapidfuzz-2.0.5-pp38-pypy38_pp73-manylinux_2_17_i686.manylinux2014_i686.whl", hash = "sha256:448715c9b97e98cbf858d3e8a24cce6d15b3b300c02c8217bf1c1126128141f6"},
    {file = "rapidfuzz-2.0.5-pp38-pypy38_pp73-manylinux_2_17_x86_64.manylinux2014_x86_64.whl", hash = "sha256:9a1ded38af0f18faed6130a99c961362e70d6f1db38c919fa6530c9204837964"},
    {file = "rapidfuzz-2.0.5.tar.gz", hash = "sha256:216b49198574807aa7f68a02a357bfee9c8898c4336a462a16faf3b88f404054"},
]
tqdm = [
    {file = "tqdm-4.63.0-py2.py3-none-any.whl", hash = "sha256:e643e071046f17139dea55b880dc9b33822ce21613b4a4f5ea57f202833dbc29"},
    {file = "tqdm-4.63.0.tar.gz", hash = "sha256:1d9835ede8e394bb8c9dcbffbca02d717217113adc679236873eeaac5bc0b3cd"},
]
xlsxwriter = [
    {file = "XlsxWriter-3.0.3-py3-none-any.whl", hash = "sha256:df0aefe5137478d206847eccf9f114715e42aaea077e6a48d0e8a2152e983010"},
    {file = "XlsxWriter-3.0.3.tar.gz", hash = "sha256:e89f4a1d2fa2c9ea15cde77de95cd3fd8b0345d0efb3964623f395c8c4988b7f"},
]
yapf = [
    {file = "yapf-0.32.0-py2.py3-none-any.whl", hash = "sha256:8fea849025584e486fd06d6ba2bed717f396080fd3cc236ba10cb97c4c51cf32"},
    {file = "yapf-0.32.0.tar.gz", hash = "sha256:a3f5085d37ef7e3e004c4ba9f9b3e40c54ff1901cd111f05145ae313a7c67d1b"},
]
